# THIS IS AN AUTOGENERATED FILE. DO NOT EDIT THIS FILE DIRECTLY.
# yarn lockfile v1


"@material/animation@^3.1.0":
  version "3.1.0"
  resolved "https://registry.yarnpkg.com/@material/animation/-/animation-3.1.0.tgz#ab04e7c2e92ab370a2b28d12af1b88538d23014f"
  integrity sha512-ZfP95awrPBLhpaCTPNx+xKYPp2D88fzf5p5YNVp6diUAGRpq3g12Aq7qJfIHDXAFo5CtrYhgOKRqIKxUVcFisQ==
  dependencies:
    tslib "^1.9.3"

"@material/animation@^4.0.0":
  version "4.0.0"
  resolved "https://registry.yarnpkg.com/@material/animation/-/animation-4.0.0.tgz#19eaf377809f20978f8452a4237d27867d3ffd1d"
  integrity sha512-IfzXzstWdtKQcsNWu+s2Hpz5dBwkTHtgtzoesr+FC7TqENH+SJdsF1ntnZI1XVi2C9ZlBf7f4BSmXpWHD0MIlw==
  dependencies:
    tslib "^1.9.3"

"@material/base@3.0.0":
  version "3.0.0"
  resolved "https://registry.yarnpkg.com/@material/base/-/base-3.0.0.tgz#a9ab0ee0337727c682150f2946cb4db2742470e2"
  integrity sha512-ZCHKBFOoxLCmxutqcY0PKrilku16hj4e/hu1XPVOpwv+Ij2ill2Wvf2/khaZm1Y4We4wVygbnT/ILYpxx1GflQ==
  dependencies:
    tslib "^1.9.3"

"@material/base@^3.1.0":
  version "3.1.0"
  resolved "https://registry.yarnpkg.com/@material/base/-/base-3.1.0.tgz#ab933896ab6390d4e1d2f9797b74a90f47db272a"
  integrity sha512-pWEBHyPrMV3rdnjqWWH96h5t3MxQI6V1J9jOor+UBG7bXQtr6InTabTqhz5CLY7r+qZU8YvNh2OKIy8heP0cyQ==
  dependencies:
    tslib "^1.9.3"

"@material/base@^4.0.0":
  version "4.0.0"
  resolved "https://registry.yarnpkg.com/@material/base/-/base-4.0.0.tgz#535574d0b63c18892cfb70e88b27bc8f8090677a"
  integrity sha512-vHm7fkqXzjdfxifXvlmaZColoIfKuWmO+1rvdzDORTWP+A8Dq70cgKd2I1SBqxzDGjOasMzHbQI6f9MISQf2vQ==
  dependencies:
    tslib "^1.9.3"

"@material/button@^3.2.0":
  version "3.2.0"
  resolved "https://registry.yarnpkg.com/@material/button/-/button-3.2.0.tgz#859d9ce164d6ee5925ac0fb04af57ea7d9295c6e"
  integrity sha512-VEASy3Dtc7BCo8/cuUIp6w0+/l4U1myGZffK5GeFVInP/erStSQOmYXT7jGXkZpUglRzWOpVvEpc6nsvhMqGbw==
  dependencies:
    "@material/elevation" "^3.1.0"
    "@material/feature-targeting" "^3.1.0"
    "@material/ripple" "^3.2.0"
    "@material/rtl" "^3.2.0"
    "@material/shape" "^3.1.0"
    "@material/theme" "^3.1.0"
    "@material/typography" "^3.1.0"

"@material/density@^4.0.0":
  version "4.0.0"
  resolved "https://registry.yarnpkg.com/@material/density/-/density-4.0.0.tgz#5bc4bba6c1232f6e075c88295357e6ebdee4353f"
  integrity sha512-PuOCPCXlWjimTq+OuCS8biAb1JE9aXCZwT1dRG9REAIAK7bN8KeeTzkeJp6jTj+ggZjWphwKF0lKeX6Gv+e/lw==

"@material/dom@^3.1.0":
  version "3.1.0"
  resolved "https://registry.yarnpkg.com/@material/dom/-/dom-3.1.0.tgz#1e58cad0cd5e1d9d6f6cb07422e327ad34a9d405"
  integrity sha512-RtBLSkrBjMfHwknaGBifAIC8cBWF9pXjz2IYqfI2braB6SfQI4vhdJviwyiA5BmA/psn3cKpBUZbHI0ym0O0SQ==
  dependencies:
    tslib "^1.9.3"

"@material/dom@^4.0.0":
  version "4.0.0"
  resolved "https://registry.yarnpkg.com/@material/dom/-/dom-4.0.0.tgz#f0e68c4429e555040304c958bb3e11614276fdfa"
  integrity sha512-GRCJT9+PGWqygZwGf1XLTrbmzP35YWG7+T0hpfhoIJO8VDiMTeyfvhJXFuA2wh9pD0noEjte0lmbdBlykrbWZw==
  dependencies:
    tslib "^1.9.3"

"@material/elevation@^3.1.0":
  version "3.1.0"
  resolved "https://registry.yarnpkg.com/@material/elevation/-/elevation-3.1.0.tgz#2fcbde47653cc115519a39acc2d04b34e4cff12b"
  integrity sha512-e45LqiG6LfbR1M52YkSLA7pQPeYJOuOVzLp27xy2072TnLuJexMxhEaG4O1novEIjsTtMjqfrfJ/koODU5vEew==
  dependencies:
    "@material/animation" "^3.1.0"
    "@material/feature-targeting" "^3.1.0"
    "@material/theme" "^3.1.0"

"@material/feature-targeting@^3.1.0":
  version "3.1.0"
  resolved "https://registry.yarnpkg.com/@material/feature-targeting/-/feature-targeting-3.1.0.tgz#a6f6cacd1e0c9b60dc82f2f3bb2de8cfd472252b"
  integrity sha512-aXAa1Pv6w32URacE9LfMsl9zI6hFwx1K0Lp3Xpyf4rAkmaAB6z0gOkhicOrVFc0f64YheJgHjE7hJFieVenQdw==

"@material/feature-targeting@^4.0.0":
  version "4.0.0"
  resolved "https://registry.yarnpkg.com/@material/feature-targeting/-/feature-targeting-4.0.0.tgz#8d9d1470801a1fd166773731613d9fa89e0fd85e"
  integrity sha512-0gk+f151vqmEdWkrQ9ocPlQRU9aUtSGsVBhletqIbsthLUsZIz9qk25FHjV1wHd/bGHknd9NH+T8ENprv3KLFg==

"@material/floating-label@^4.0.0":
  version "4.0.0"
  resolved "https://registry.yarnpkg.com/@material/floating-label/-/floating-label-4.0.0.tgz#288eac6b82ff472472f678032fc94024155a42c8"
  integrity sha512-ovuZKhH7U+YmZk8kXftYCdEaU9InJdkBsPe4TP+dg4HiO1lWmd7ZxVsMo6iTl4yaFofkBPj3VDkbE1fLnHxKPA==
  dependencies:
    "@material/animation" "^4.0.0"
    "@material/base" "^4.0.0"
    "@material/rtl" "^4.0.0"
    "@material/theme" "^4.0.0"
    "@material/typography" "^4.0.0"
    tslib "^1.9.3"

"@material/line-ripple@^4.0.0":
  version "4.0.0"
  resolved "https://registry.yarnpkg.com/@material/line-ripple/-/line-ripple-4.0.0.tgz#e47eb1fe3ce7e28b36e5271c879dc59fee3bd19b"
  integrity sha512-+vrgKlb2gUBIKxlzVKLn/tX76qJ0Z19RkH2i7mh4IdH8KxeEai8NQQYWqeOOKtyp8JbH0ObGyqJCwPo2VbHDmw==
  dependencies:
    "@material/animation" "^4.0.0"
    "@material/base" "^4.0.0"
    "@material/theme" "^4.0.0"
    tslib "^1.9.3"

"@material/notched-outline@^4.0.0":
  version "4.0.0"
  resolved "https://registry.yarnpkg.com/@material/notched-outline/-/notched-outline-4.0.0.tgz#63c8d1f856de032b3c9a9f2654419de86f4b2b4a"
  integrity sha512-9WNG7dZS83nu72kmoknA3XyvZQIxx8QBjEB2Q2KGyRp4Q8zrzWxfcvTYgiOsYgvz013JnTqaqe4g0wjl6v789g==
  dependencies:
    "@material/base" "^4.0.0"
    "@material/floating-label" "^4.0.0"
    "@material/rtl" "^4.0.0"
    "@material/shape" "^4.0.0"
    "@material/theme" "^4.0.0"
    tslib "^1.9.3"

"@material/ripple@^3.2.0":
  version "3.2.0"
  resolved "https://registry.yarnpkg.com/@material/ripple/-/ripple-3.2.0.tgz#f4b714834b73b793b280024d4ebcca01018df3bd"
  integrity sha512-GtwkfNakALmfGLs6TpdFIVeAWjRqbyT7WfEw9aU7elUokABfHES+O0KoSKQSMQiSQ8Vjl90MONzNsN1Evi/1YQ==
  dependencies:
    "@material/animation" "^3.1.0"
    "@material/base" "^3.1.0"
    "@material/dom" "^3.1.0"
    "@material/feature-targeting" "^3.1.0"
    "@material/theme" "^3.1.0"
    tslib "^1.9.3"

"@material/ripple@^4.0.0":
  version "4.0.0"
  resolved "https://registry.yarnpkg.com/@material/ripple/-/ripple-4.0.0.tgz#906ba421a3e6c68651d829d44c50a95060aa1e75"
  integrity sha512-9BLIOvyCP5sM+fQpLlcJZWyrHguusJq8E5A1pxg0wQwputOyaPBM7recHhYkJmVjzRpTcPgf1PkvkpN6DKGcNg==
  dependencies:
    "@material/animation" "^4.0.0"
    "@material/base" "^4.0.0"
    "@material/dom" "^4.0.0"
    "@material/feature-targeting" "^4.0.0"
    "@material/theme" "^4.0.0"
    tslib "^1.9.3"

"@material/rtl@^3.2.0":
  version "3.2.0"
  resolved "https://registry.yarnpkg.com/@material/rtl/-/rtl-3.2.0.tgz#0b2f7321463100674dfbf4507b54ccd052f05378"
  integrity sha512-L/w9m9Yx1ceOw/VjEfeJoqD4rW9QP3IBb9MamXAg3qUi/zsztoXD/FUw179pxkLn4huFFNlVYZ4Y1y6BpM0PMA==

"@material/rtl@^4.0.0":
  version "4.0.0"
  resolved "https://registry.yarnpkg.com/@material/rtl/-/rtl-4.0.0.tgz#bc07e0a7c47174b2542862c252b0e35b44329c47"
  integrity sha512-AP8zByVDEWAJVJoxByVccUbH+BX24IeG7ol+L6Qd8JjzPpz1fzPVJ4BeDNaF0a6sXtHsRmj2zN5dsx/BGC3IHg==

"@material/shape@^3.1.0":
  version "3.1.0"
  resolved "https://registry.yarnpkg.com/@material/shape/-/shape-3.1.0.tgz#7ccac6606d0ae45b779b3e52b8921c09c2b2f429"
  integrity sha512-Oyvs7YjHfByA0e9IVVp7ojAlPwgSu3Bl0cioiE0OdkidkAaNu0izM2ryRzMBDH5o8+lRD0kpZoT+9CVVCdaYIg==
  dependencies:
    "@material/feature-targeting" "^3.1.0"

"@material/shape@^4.0.0":
  version "4.0.0"
  resolved "https://registry.yarnpkg.com/@material/shape/-/shape-4.0.0.tgz#ddf4dcbfd290d367f80b26014fee0a1f490dc3cb"
  integrity sha512-wmr05YBrEL462QPiJ+t9xh5RqxzylXYo/8DVZnb/1WA9GZ6m38UK/8Awtip1cZAN34pzD/9p5AydyywlQVoI+g==
  dependencies:
    "@material/feature-targeting" "^4.0.0"

"@material/textfield@^4.0.0":
  version "4.0.0"
  resolved "https://registry.yarnpkg.com/@material/textfield/-/textfield-4.0.0.tgz#3b39a1ed1aee166b0eb757237ef1359eba312f36"
  integrity sha512-1Xg+nriTqFB8+5k8sGkR8LBeD3dRgNuhvwyU8XrUeAs5l/HMfn4CWgbEyZTaJ2EEtFPxnKGedAYqCEwXngwGWg==
  dependencies:
    "@material/animation" "^4.0.0"
    "@material/base" "^4.0.0"
    "@material/density" "^4.0.0"
    "@material/dom" "^4.0.0"
    "@material/floating-label" "^4.0.0"
    "@material/line-ripple" "^4.0.0"
    "@material/notched-outline" "^4.0.0"
    "@material/ripple" "^4.0.0"
    "@material/rtl" "^4.0.0"
    "@material/shape" "^4.0.0"
    "@material/theme" "^4.0.0"
    "@material/typography" "^4.0.0"
    tslib "^1.9.3"

"@material/theme@^3.1.0":
  version "3.1.0"
  resolved "https://registry.yarnpkg.com/@material/theme/-/theme-3.1.0.tgz#d31147bbc9e20bdaa3e322c9e898e4fc98807d8c"
  integrity sha512-N4JX+akOwg1faAvFvIEhDcwW4cZfUpwEn8lct6Vs3WczjLF6/KdIoLVaYh+eVl1bzfsoIuWvx56j0B1PjXZw9g==
  dependencies:
    "@material/feature-targeting" "^3.1.0"

"@material/theme@^4.0.0":
  version "4.0.0"
  resolved "https://registry.yarnpkg.com/@material/theme/-/theme-4.0.0.tgz#8de388fcdbae20fd09b02a3bdef3049bf2f623a8"
  integrity sha512-vS4G4rusJTatTH50kSYO1U3UGN8EY9kGRvPaFsEFKikJBOqcR6KWK9H9/wCLqqd6nDNifEj9H2sdWw1AV4NA6Q==
  dependencies:
    "@material/feature-targeting" "^4.0.0"

"@material/typography@^3.1.0":
  version "3.1.0"
  resolved "https://registry.yarnpkg.com/@material/typography/-/typography-3.1.0.tgz#5a3aee31f49f6b8c87ebc91b77c5b896b280c492"
  integrity sha512-aSNBQvVxIH1kORSYdLGuSTivx6oJ1MSOSTUAsUwhXPQLQlvbdFeZaqUp7xgn+EvRsHGRFhWk5YGuiBds9+7zQg==
  dependencies:
    "@material/feature-targeting" "^3.1.0"

"@material/typography@^4.0.0":
  version "4.0.0"
  resolved "https://registry.yarnpkg.com/@material/typography/-/typography-4.0.0.tgz#57be7ac8b819f2ae29d48c9443b113d2f5585ecc"
  integrity sha512-lUG4yjG9fl1ryNX4OVnOmi+EjhiV4WsWcYt4yzffHrFg1RfKuCAV59j7TtmlMfZIkNDwqK5jvk3oOpTRDFpL8Q==
  dependencies:
    "@material/feature-targeting" "^4.0.0"

tslib@^1.9.3:
  version "1.10.0"
  resolved "https://registry.yarnpkg.com/tslib/-/tslib-1.10.0.tgz#c3c19f95973fb0a62973fb09d90d961ee43e5c8a"
  integrity sha512-qOebF53frne81cf0S9B41ByenJ3/IuH8yJKngAX35CmiZySA0khhkovshKK+jGCaMnVomla7gVlIcc3EvKPbTQ==
