# THIS IS AN AUTOGENERATED FILE. DO NOT EDIT THIS FILE DIRECTLY.
# yarn lockfile v1


"@material/animation@^3.1.0":
  version "3.1.0"
  resolved "https://registry.yarnpkg.com/@material/animation/-/animation-3.1.0.tgz#ab04e7c2e92ab370a2b28d12af1b88538d23014f"
  integrity sha512-ZfP95awrPBLhpaCTPNx+xKYPp2D88fzf5p5YNVp6diUAGRpq3g12Aq7qJfIHDXAFo5CtrYhgOKRqIKxUVcFisQ==
  dependencies:
    tslib "^1.9.3"

"@material/base@^3.1.0":
  version "3.1.0"
  resolved "https://registry.yarnpkg.com/@material/base/-/base-3.1.0.tgz#ab933896ab6390d4e1d2f9797b74a90f47db272a"
  integrity sha512-pWEBHyPrMV3rdnjqWWH96h5t3MxQI6V1J9jOor+UBG7bXQtr6InTabTqhz5CLY7r+qZU8YvNh2OKIy8heP0cyQ==
  dependencies:
    tslib "^1.9.3"

"@material/button@^3.2.0":
  version "3.2.0"
  resolved "https://registry.yarnpkg.com/@material/button/-/button-3.2.0.tgz#859d9ce164d6ee5925ac0fb04af57ea7d9295c6e"
  integrity sha512-VEASy3Dtc7BCo8/cuUIp6w0+/l4U1myGZffK5GeFVInP/erStSQOmYXT7jGXkZpUglRzWOpVvEpc6nsvhMqGbw==
  dependencies:
    "@material/elevation" "^3.1.0"
    "@material/feature-targeting" "^3.1.0"
    "@material/ripple" "^3.2.0"
    "@material/rtl" "^3.2.0"
    "@material/shape" "^3.1.0"
    "@material/theme" "^3.1.0"
    "@material/typography" "^3.1.0"

"@material/dom@^3.1.0":
  version "3.1.0"
  resolved "https://registry.yarnpkg.com/@material/dom/-/dom-3.1.0.tgz#1e58cad0cd5e1d9d6f6cb07422e327ad34a9d405"
  integrity sha512-RtBLSkrBjMfHwknaGBifAIC8cBWF9pXjz2IYqfI2braB6SfQI4vhdJviwyiA5BmA/psn3cKpBUZbHI0ym0O0SQ==
  dependencies:
    tslib "^1.9.3"

"@material/elevation@^3.1.0":
  version "3.1.0"
  resolved "https://registry.yarnpkg.com/@material/elevation/-/elevation-3.1.0.tgz#2fcbde47653cc115519a39acc2d04b34e4cff12b"
  integrity sha512-e45LqiG6LfbR1M52YkSLA7pQPeYJOuOVzLp27xy2072TnLuJexMxhEaG4O1novEIjsTtMjqfrfJ/koODU5vEew==
  dependencies:
    "@material/animation" "^3.1.0"
    "@material/feature-targeting" "^3.1.0"
    "@material/theme" "^3.1.0"

"@material/feature-targeting@^3.1.0":
  version "3.1.0"
  resolved "https://registry.yarnpkg.com/@material/feature-targeting/-/feature-targeting-3.1.0.tgz#a6f6cacd1e0c9b60dc82f2f3bb2de8cfd472252b"
  integrity sha512-aXAa1Pv6w32URacE9LfMsl9zI6hFwx1K0Lp3Xpyf4rAkmaAB6z0gOkhicOrVFc0f64YheJgHjE7hJFieVenQdw==

"@material/ripple@^3.2.0":
  version "3.2.0"
  resolved "https://registry.yarnpkg.com/@material/ripple/-/ripple-3.2.0.tgz#f4b714834b73b793b280024d4ebcca01018df3bd"
  integrity sha512-GtwkfNakALmfGLs6TpdFIVeAWjRqbyT7WfEw9aU7elUokABfHES+O0KoSKQSMQiSQ8Vjl90MONzNsN1Evi/1YQ==
  dependencies:
    "@material/animation" "^3.1.0"
    "@material/base" "^3.1.0"
    "@material/dom" "^3.1.0"
    "@material/feature-targeting" "^3.1.0"
    "@material/theme" "^3.1.0"
    tslib "^1.9.3"

"@material/rtl@^3.2.0":
  version "3.2.0"
  resolved "https://registry.yarnpkg.com/@material/rtl/-/rtl-3.2.0.tgz#0b2f7321463100674dfbf4507b54ccd052f05378"
  integrity sha512-L/w9m9Yx1ceOw/VjEfeJoqD4rW9QP3IBb9MamXAg3qUi/zsztoXD/FUw179pxkLn4huFFNlVYZ4Y1y6BpM0PMA==

"@material/shape@^3.1.0":
  version "3.1.0"
  resolved "https://registry.yarnpkg.com/@material/shape/-/shape-3.1.0.tgz#7ccac6606d0ae45b779b3e52b8921c09c2b2f429"
  integrity sha512-Oyvs7YjHfByA0e9IVVp7ojAlPwgSu3Bl0cioiE0OdkidkAaNu0izM2ryRzMBDH5o8+lRD0kpZoT+9CVVCdaYIg==
  dependencies:
    "@material/feature-targeting" "^3.1.0"

"@material/theme@^3.1.0":
  version "3.1.0"
  resolved "https://registry.yarnpkg.com/@material/theme/-/theme-3.1.0.tgz#d31147bbc9e20bdaa3e322c9e898e4fc98807d8c"
  integrity sha512-N4JX+akOwg1faAvFvIEhDcwW4cZfUpwEn8lct6Vs3WczjLF6/KdIoLVaYh+eVl1bzfsoIuWvx56j0B1PjXZw9g==
  dependencies:
    "@material/feature-targeting" "^3.1.0"

"@material/typography@^3.1.0":
  version "3.1.0"
  resolved "https://registry.yarnpkg.com/@material/typography/-/typography-3.1.0.tgz#5a3aee31f49f6b8c87ebc91b77c5b896b280c492"
  integrity sha512-aSNBQvVxIH1kORSYdLGuSTivx6oJ1MSOSTUAsUwhXPQLQlvbdFeZaqUp7xgn+EvRsHGRFhWk5YGuiBds9+7zQg==
  dependencies:
    "@material/feature-targeting" "^3.1.0"

tslib@^1.9.3:
  version "1.10.0"
  resolved "https://registry.yarnpkg.com/tslib/-/tslib-1.10.0.tgz#c3c19f95973fb0a62973fb09d90d961ee43e5c8a"
  integrity sha512-qOebF53frne81cf0S9B41ByenJ3/IuH8yJKngAX35CmiZySA0khhkovshKK+jGCaMnVomla7gVlIcc3EvKPbTQ==
