# This file is generated by running "yarn install" inside your project.
# Manual changes might be lost - proceed with caution!

__metadata:
  version: 6
  cacheKey: 8

"@material/animation@npm:^3.1.0":
  version: 3.1.0
  resolution: "@material/animation@npm:3.1.0"
  dependencies:
    tslib: ^1.9.3
  checksum: e381cbf7b820f08cc8b1d4266eb175f300c7ac9b51dd77187db09ad4a230ba4b92526781811f667161ae7320a38661a1f1e6b4658bdfa3b241a05b1b4499bc2a
  languageName: node
  linkType: hard

"@material/animation@npm:^4.0.0":
  version: 4.0.0
  resolution: "@material/animation@npm:4.0.0"
  dependencies:
    tslib: ^1.9.3
  checksum: 93c91bfdd1256cf3e4be95d437d6952bc1e966e1efa9887c4b24553ba00eb33e13c3a2c097df002e306698c9d9da0679bf2f690f6de28646cfff29aa716dd0b5
  languageName: node
  linkType: hard

"@material/base@npm:^3.1.0":
  version: 3.1.0
  resolution: "@material/base@npm:3.1.0"
  dependencies:
    tslib: ^1.9.3
  checksum: b9552ec944b81826fc85f78412b13dbe8a6ab499d805b2203ff054c7fab995e88062b8ccdb856efcffb6e45d269b0268f75da858235c0d7e4eba05dee081e862
  languageName: node
  linkType: hard

"@material/base@npm:^4.0.0":
  version: 4.0.0
  resolution: "@material/base@npm:4.0.0"
  dependencies:
    tslib: ^1.9.3
  checksum: 7bf5a37f28684c3f9b0a3027ec14c24f1fdc90cea90d136ba37c09369927da18fbbe228522ac105d9d445d1c2ad697130de7cb300ca0da6ef42a8c86aa6039e9
  languageName: node
  linkType: hard

"@material/button@npm:^3.2.0":
  version: 3.2.0
  resolution: "@material/button@npm:3.2.0"
  dependencies:
    "@material/elevation": ^3.1.0
    "@material/feature-targeting": ^3.1.0
    "@material/ripple": ^3.2.0
    "@material/rtl": ^3.2.0
    "@material/shape": ^3.1.0
    "@material/theme": ^3.1.0
    "@material/typography": ^3.1.0
  checksum: 118a58b60a642487b616b0913298d8fa748bb298875109d2988c68c7731c94ef88ad3793104db94c6138cb00e3fea32beed608b01bf22057da7b27c8e6d41285
  languageName: node
  linkType: hard

"@material/density@npm:^4.0.0":
  version: 4.0.0
  resolution: "@material/density@npm:4.0.0"
  checksum: 0f808ded52dd15bc5a862c515325e179fb09146d2ebf4443bbd6e9de3343d9c43c29a46b55966cc185bdc85799628e1e280d1d3160fb0a8d8569ee93cfc94fb8
  languageName: node
  linkType: hard

"@material/dom@npm:^3.1.0":
  version: 3.1.0
  resolution: "@material/dom@npm:3.1.0"
  dependencies:
    tslib: ^1.9.3
  checksum: 4d8058158420c4402deec106e7bb065ef38985d556ec747f19ce7537e8f53340d3640d6b9d1bfaa95c724f7d7657325962fc89bc368187a7d1eb0b41145b3787
  languageName: node
  linkType: hard

"@material/dom@npm:^4.0.0":
  version: 4.0.0
  resolution: "@material/dom@npm:4.0.0"
  dependencies:
    tslib: ^1.9.3
  checksum: eea98f633f7db14d5769633fb3dcf54ab76ea0da03a06eac116d5f45cd68e03433872bb34af158de38f674916cf90d27c3491755694518b54e81d19367e8f3dc
  languageName: node
  linkType: hard

"@material/elevation@npm:^3.1.0":
  version: 3.1.0
  resolution: "@material/elevation@npm:3.1.0"
  dependencies:
    "@material/animation": ^3.1.0
    "@material/feature-targeting": ^3.1.0
    "@material/theme": ^3.1.0
  checksum: b91763c7f1e2344bc49ae839afe7b5cd7e204b0095b33beb531578ae82b5109c5c671db4c2ff4035f5dbcdcf945b007ee37c40ba762993c973f5f096d154d3b2
  languageName: node
  linkType: hard

"@material/feature-targeting@npm:^3.1.0":
  version: 3.1.0
  resolution: "@material/feature-targeting@npm:3.1.0"
  checksum: 2a56b468b889a7152014124197821d901d156a2bc21c4b6bed86fc8a3b4a918188c8e9f842ddf7915e270b768e7eaade77efd09211fc005c89276e4c8a777357
  languageName: node
  linkType: hard

"@material/feature-targeting@npm:^4.0.0":
  version: 4.0.0
  resolution: "@material/feature-targeting@npm:4.0.0"
  checksum: 17da66877d009321dc9f8a3fab42cb8c1e90c6929a320bb249c1bdc78bb94853c6123ff5a874f325efcbbd40fb9eb747e95df924cb9948072c1c8f244171b291
  languageName: node
  linkType: hard

"@material/floating-label@npm:^4.0.0":
  version: 4.0.0
  resolution: "@material/floating-label@npm:4.0.0"
  dependencies:
    "@material/animation": ^4.0.0
    "@material/base": ^4.0.0
    "@material/rtl": ^4.0.0
    "@material/theme": ^4.0.0
    "@material/typography": ^4.0.0
    tslib: ^1.9.3
  checksum: e5d0dbe36c16fe9513cf6c76cf60c45ff368dc7fcb783387dc74f2605342cbc0f9941e69bd9acbfda268a9ea0659af9610ef31c805c49106e6e487777069b015
  languageName: node
  linkType: hard

"@material/line-ripple@npm:^4.0.0":
  version: 4.0.0
  resolution: "@material/line-ripple@npm:4.0.0"
  dependencies:
    "@material/animation": ^4.0.0
    "@material/base": ^4.0.0
    "@material/theme": ^4.0.0
    tslib: ^1.9.3
  checksum: 6c1079df72ce80f879ed66e11e43c322dd451a891fd9745b3c021f532d9c8d1552ae56a3b52a527f78b43e7bed3b0011e7335c3652b85302d2be5d564b170856
  languageName: node
  linkType: hard

"@material/notched-outline@npm:^4.0.0":
  version: 4.0.0
  resolution: "@material/notched-outline@npm:4.0.0"
  dependencies:
    "@material/base": ^4.0.0
    "@material/floating-label": ^4.0.0
    "@material/rtl": ^4.0.0
    "@material/shape": ^4.0.0
    "@material/theme": ^4.0.0
    tslib: ^1.9.3
  checksum: 4e14ec5e6afc18fcb613e132c08e1a39d66a85b305a1198266c7132e4dc055fb68a5f03d3c6d00252159fb21096d0b58667462155662c41001fa09689d8e4092
  languageName: node
  linkType: hard

"@material/ripple@npm:^3.2.0":
  version: 3.2.0
  resolution: "@material/ripple@npm:3.2.0"
  dependencies:
    "@material/animation": ^3.1.0
    "@material/base": ^3.1.0
    "@material/dom": ^3.1.0
    "@material/feature-targeting": ^3.1.0
    "@material/theme": ^3.1.0
    tslib: ^1.9.3
  checksum: 194ca51c4e74f29802c1e85b177f2bdf6f399aafb3cf7a863eed57b13c53c6e821f4948f9d89cb7b61146992c9206c23ff63972416a4fd50bedd6748d17bc1de
  languageName: node
  linkType: hard

"@material/ripple@npm:^4.0.0":
  version: 4.0.0
  resolution: "@material/ripple@npm:4.0.0"
  dependencies:
    "@material/animation": ^4.0.0
    "@material/base": ^4.0.0
    "@material/dom": ^4.0.0
    "@material/feature-targeting": ^4.0.0
    "@material/theme": ^4.0.0
    tslib: ^1.9.3
  checksum: 9fe64349561cd7e88425bf853667f796032d0e03a3177b90cda17524d23d59eb25fca54f58461331fdeeb59204b9ee88d5e141917230ff30502b3b184ff6bd8a
  languageName: node
  linkType: hard

"@material/rtl@npm:^3.2.0":
  version: 3.2.0
  resolution: "@material/rtl@npm:3.2.0"
  checksum: 9db6c26454ed323089699fbf150f179ddbb3564dae52292fcd6a12c56bc206b2ebf7a4a19b0e9bb06e0a63574d2c1ba4e597b0937b786c3fd5fd08c34029b845
  languageName: node
  linkType: hard

"@material/rtl@npm:^4.0.0":
  version: 4.0.0
  resolution: "@material/rtl@npm:4.0.0"
  checksum: 10b9b00fe74d87f5066269635662fd8af8e2621aebbb4df759ac3bbae469a8b1ba752114436198e40cdf5ed586c1ad19b283d963ca1d0367b3c54aad5cc9b16b
  languageName: node
  linkType: hard

"@material/shape@npm:^3.1.0":
  version: 3.1.0
  resolution: "@material/shape@npm:3.1.0"
  dependencies:
    "@material/feature-targeting": ^3.1.0
  checksum: c6d7cdc89cef2d0f1abb2896202b86467ff0cc37c1d9f5b0cbcfad74557c6cd2409fcc46b9359e352271dc0e796c4fbfef3e228c74e3a82ce60e8fd2e225a455
  languageName: node
  linkType: hard

"@material/shape@npm:^4.0.0":
  version: 4.0.0
  resolution: "@material/shape@npm:4.0.0"
  dependencies:
    "@material/feature-targeting": ^4.0.0
  checksum: 31d37eee93e98df3ddb50fbd4fc0c7defc179f3c289ae576e073c1eced7f4934344d52768f691d07f3130c810ee396160caceab021f2520dd4e4a16e8fbeca33
  languageName: node
  linkType: hard

"@material/textfield@npm:^4.0.0":
  version: 4.0.0
  resolution: "@material/textfield@npm:4.0.0"
  dependencies:
    "@material/animation": ^4.0.0
    "@material/base": ^4.0.0
    "@material/density": ^4.0.0
    "@material/dom": ^4.0.0
    "@material/floating-label": ^4.0.0
    "@material/line-ripple": ^4.0.0
    "@material/notched-outline": ^4.0.0
    "@material/ripple": ^4.0.0
    "@material/rtl": ^4.0.0
    "@material/shape": ^4.0.0
    "@material/theme": ^4.0.0
    "@material/typography": ^4.0.0
    tslib: ^1.9.3
  checksum: d64c47e92a73bc374ee8e72d993b7c5482f28b37e053c3705ce2fe1425b9dfdce3aa7e252ae5e162781e0cc9ee3cb02108267e430417787f87ecc187b9e792f3
  languageName: node
  linkType: hard

"@material/theme@npm:^3.1.0":
  version: 3.1.0
  resolution: "@material/theme@npm:3.1.0"
  dependencies:
    "@material/feature-targeting": ^3.1.0
  checksum: d667ea629c2f22dc0c91a8d6c3cb3fb5417743c9b24c2329b5404e85df43917768edd069acbf6b93a5f2ba84fd0351d37ad2f254df457c221f3bd713536f9505
  languageName: node
  linkType: hard

"@material/theme@npm:^4.0.0":
  version: 4.0.0
  resolution: "@material/theme@npm:4.0.0"
  dependencies:
    "@material/feature-targeting": ^4.0.0
  checksum: d55caee243ca0e4033054d3673232245f956ef1c58b760841bcc22876f68ac212f404121542cfc88d103b1a895ede1283315ffcc7da96bdc088071c480bdf7e6
  languageName: node
  linkType: hard

"@material/typography@npm:^3.1.0":
  version: 3.1.0
  resolution: "@material/typography@npm:3.1.0"
  dependencies:
    "@material/feature-targeting": ^3.1.0
  checksum: 9e42085753f12ffe516d00b3f01abb8699be4c7b0a68c9317efc421cd3c4a5871bd2e0095bc4e02c5d73b1cc281e35d1a269ed29c637eaa4a1b11f9e0f48690e
  languageName: node
  linkType: hard

"@material/typography@npm:^4.0.0":
  version: 4.0.0
  resolution: "@material/typography@npm:4.0.0"
  dependencies:
    "@material/feature-targeting": ^4.0.0
  checksum: 489140aa0d233384b952e3d6c6ed2517b96a927ed3e8346b5ba6babe1743c9d6c5469b3218061b932ebc407dc0b796ba238682f1f716d981d8ef966e02835789
  languageName: node
  linkType: hard

"diglett-yarn-berry@workspace:.":
  version: 0.0.0-use.local
  resolution: "diglett-yarn-berry@workspace:."
  dependencies:
    "@material/button": ^3.2.0
    "@material/textfield": ^4.0.0
  languageName: unknown
  linkType: soft

"tslib@npm:^1.9.3":
  version: 1.10.0
  resolution: "tslib@npm:1.10.0"
  checksum: 1d0450dc6f64b918b14acaf3b956ebe1c72d7401c632adce932a60e3cd8d2a70f6040ceef6a7c3561146c3f29bcf584c41c2e09a5d20a27d6c3057f0d5f2a836
  languageName: node
  linkType: hard
